{
  "nodes": {
    "flake-compat": {
      "flake": false,
      "locked": {
        "lastModified": 1668681692,
        "narHash": "sha256-Ht91NGdewz8IQLtWZ9LCeNXMSXHUss+9COoqu6JLmXU=",
        "owner": "edolstra",
        "repo": "flake-compat",
        "rev": "009399224d5e398d03b22badca40a37ac85412a1",
        "type": "github"
      },
      "original": {
        "owner": "edolstra",
        "repo": "flake-compat",
        "type": "github"
      }
    },
    "home-manager": {
      "inputs": {
        "nixpkgs": [
          "nixpkgsUnstable"
        ],
        "utils": "utils"
      },
      "locked": {
        "lastModified": 1672247791,
        "narHash": "sha256-+daXRy6CZbikb1Nifq8LdCTSghz1/+xgrFgq+yVlPvs=",
        "owner": "nix-community",
        "repo": "home-manager",
        "rev": "a62e4c88d7b84ac54a96084f3490703ba34bdd2e",
        "type": "github"
      },
      "original": {
        "owner": "nix-community",
        "repo": "home-manager",
        "type": "github"
      }
    },
    "nixpkgsGitHub": {
      "locked": {
        "lastModified": 1672231372,
        "narHash": "sha256-MM5/Bq/CbC+9qoge0rhaS8jnD/urZx3iY981e8pQ/Us=",
        "owner": "NixOS",
        "repo": "nixpkgs",
        "rev": "f9a194b3891d6c49fbdd86c71c82bbe263a34da5",
        "type": "github"
      },
      "original": {
        "owner": "NixOS",
        "repo": "nixpkgs",
        "type": "github"
      }
    },
    "nixpkgsUnstable": {
      "locked": {
        "lastModified": 1672080458,
        "narHash": "sha256-Ukjn8YUwZevxDPaVUmTx2sf9bCcIJSasmLz+xjGBKrs=",
        "owner": "NixOS",
        "repo": "nixpkgs",
        "rev": "1eb875e811dd59e21e77f6337f2c1592889b48b3",
        "type": "github"
      },
      "original": {
        "id": "nixpkgs",
        "ref": "nixos-unstable",
        "type": "indirect"
      }
    },
    "root": {
      "inputs": {
        "flake-compat": "flake-compat",
        "home-manager": "home-manager",
        "nixpkgsGitHub": "nixpkgsGitHub",
        "nixpkgsUnstable": "nixpkgsUnstable"
      }
    },
    "utils": {
      "locked": {
        "lastModified": 1667395993,
        "narHash": "sha256-nuEHfE/LcWyuSWnS8t12N1wc105Qtau+/OdUAjtQ0rA=",
        "owner": "numtide",
        "repo": "flake-utils",
        "rev": "5aed5285a952e0b949eb3ba02c12fa4fcfef535f",
        "type": "github"
      },
      "original": {
        "owner": "numtide",
        "repo": "flake-utils",
        "type": "github"
      }
    }
  },
  "root": "root",
  "version": 7
}
